// !$*UTF8*$!
{
	archiveVersion = 1;
	classes = {
	};
	objectVersion = 50;
	objects = {

/* Begin PBXBuildFile section */
		A643445320C5E07D000B0F8E /* AppDelegate.swift in Sources */ = {isa = PBXBuildFile; fileRef = A643445220C5E07D000B0F8E /* AppDelegate.swift */; };
		A643445520C5E07D000B0F8E /* LoanCalculatorVC.swift in Sources */ = {isa = PBXBuildFile; fileRef = A643445420C5E07D000B0F8E /* LoanCalculatorVC.swift */; };
		A643445820C5E07D000B0F8E /* Main.storyboard in Resources */ = {isa = PBXBuildFile; fileRef = A643445620C5E07D000B0F8E /* Main.storyboard */; };
		A643445A20C5E07F000B0F8E /* Assets.xcassets in Resources */ = {isa = PBXBuildFile; fileRef = A643445920C5E07F000B0F8E /* Assets.xcassets */; };
		A643445D20C5E07F000B0F8E /* LaunchScreen.storyboard in Resources */ = {isa = PBXBuildFile; fileRef = A643445B20C5E07F000B0F8E /* LaunchScreen.storyboard */; };
		A643446620C5E2CC000B0F8E /* customizedTextField.swift in Sources */ = {isa = PBXBuildFile; fileRef = A643446520C5E2CC000B0F8E /* customizedTextField.swift */; };
		A643446820C613A8000B0F8E /* customizedButton.swift in Sources */ = {isa = PBXBuildFile; fileRef = A643446720C613A8000B0F8E /* customizedButton.swift */; };
		A643446A20C6165E000B0F8E /* aprField.swift in Sources */ = {isa = PBXBuildFile; fileRef = A643446920C6165E000B0F8E /* aprField.swift */; };
		A643446F20C64D52000B0F8E /* File.swift in Sources */ = {isa = PBXBuildFile; fileRef = A643446E20C64D52000B0F8E /* File.swift */; };
/* End PBXBuildFile section */

/* Begin PBXFileReference section */
		A643444F20C5E07D000B0F8E /* Loan-Calculator.app */ = {isa = PBXFileReference; explicitFileType = wrapper.application; includeInIndex = 0; path = "Loan-Calculator.app"; sourceTree = BUILT_PRODUCTS_DIR; };
		A643445220C5E07D000B0F8E /* AppDelegate.swift */ = {isa = PBXFileReference; lastKnownFileType = sourcecode.swift; path = AppDelegate.swift; sourceTree = "<group>"; };
		A643445420C5E07D000B0F8E /* LoanCalculatorVC.swift */ = {isa = PBXFileReference; lastKnownFileType = sourcecode.swift; path = LoanCalculatorVC.swift; sourceTree = "<group>"; };
		A643445720C5E07D000B0F8E /* Base */ = {isa = PBXFileReference; lastKnownFileType = file.storyboard; name = Base; path = Base.lproj/Main.storyboard; sourceTree = "<group>"; };
		A643445920C5E07F000B0F8E /* Assets.xcassets */ = {isa = PBXFileReference; lastKnownFileType = folder.assetcatalog; path = Assets.xcassets; sourceTree = "<group>"; };
		A643445C20C5E07F000B0F8E /* Base */ = {isa = PBXFileReference; lastKnownFileType = file.storyboard; name = Base; path = Base.lproj/LaunchScreen.storyboard; sourceTree = "<group>"; };
		A643445E20C5E07F000B0F8E /* Info.plist */ = {isa = PBXFileReference; lastKnownFileType = text.plist.xml; path = Info.plist; sourceTree = "<group>"; };
		A643446520C5E2CC000B0F8E /* customizedTextField.swift */ = {isa = PBXFileReference; lastKnownFileType = sourcecode.swift; path = customizedTextField.swift; sourceTree = "<group>"; };
		A643446720C613A8000B0F8E /* customizedButton.swift */ = {isa = PBXFileReference; lastKnownFileType = sourcecode.swift; path = customizedButton.swift; sourceTree = "<group>"; };
		A643446920C6165E000B0F8E /* aprField.swift */ = {isa = PBXFileReference; lastKnownFileType = sourcecode.swift; path = aprField.swift; sourceTree = "<group>"; };
		A643446E20C64D52000B0F8E /* File.swift */ = {isa = PBXFileReference; lastKnownFileType = sourcecode.swift; path = File.swift; sourceTree = "<group>"; };
/* End PBXFileReference section */

/* Begin PBXFrameworksBuildPhase section */
		A643444C20C5E07D000B0F8E /* Frameworks */ = {
			isa = PBXFrameworksBuildPhase;
			buildActionMask = 2147483647;
			files = (
			);
			runOnlyForDeploymentPostprocessing = 0;
		};
/* End PBXFrameworksBuildPhase section */

/* Begin PBXGroup section */
		A643444620C5E07D000B0F8E = {
			isa = PBXGroup;
			children = (
				A643445120C5E07D000B0F8E /* Loan-Calculator */,
				A643445020C5E07D000B0F8E /* Products */,
			);
			sourceTree = "<group>";
		};
		A643445020C5E07D000B0F8E /* Products */ = {
			isa = PBXGroup;
			children = (
				A643444F20C5E07D000B0F8E /* Loan-Calculator.app */,
			);
			name = Products;
			sourceTree = "<group>";
		};
		A643445120C5E07D000B0F8E /* Loan-Calculator */ = {
			isa = PBXGroup;
			children = (
				A643446D20C64D40000B0F8E /* Model */,
				A643446420C5E2A2000B0F8E /* Views */,
				A643445220C5E07D000B0F8E /* AppDelegate.swift */,
				A643445420C5E07D000B0F8E /* LoanCalculatorVC.swift */,
				A643445620C5E07D000B0F8E /* Main.storyboard */,
				A643445920C5E07F000B0F8E /* Assets.xcassets */,
				A643445B20C5E07F000B0F8E /* LaunchScreen.storyboard */,
				A643445E20C5E07F000B0F8E /* Info.plist */,
			);
			path = "Loan-Calculator";
			sourceTree = "<group>";
		};
		A643446420C5E2A2000B0F8E /* Views */ = {
			isa = PBXGroup;
			children = (
				A643446520C5E2CC000B0F8E /* customizedTextField.swift */,
				A643446720C613A8000B0F8E /* customizedButton.swift */,
				A643446920C6165E000B0F8E /* aprField.swift */,
			);
			path = Views;
			sourceTree = "<group>";
		};
		A643446D20C64D40000B0F8E /* Model */ = {
			isa = PBXGroup;
			children = (
				A643446E20C64D52000B0F8E /* File.swift */,
			);
			path = Model;
			sourceTree = "<group>";
		};
/* End PBXGroup section */

/* Begin PBXNativeTarget section */
		A643444E20C5E07D000B0F8E /* Loan-Calculator */ = {
			isa = PBXNativeTarget;
			buildConfigurationList = A643446120C5E07F000B0F8E /* Build configuration list for PBXNativeTarget "Loan-Calculator" */;
			buildPhases = (
				A643444B20C5E07D000B0F8E /* Sources */,
				A643444C20C5E07D000B0F8E /* Frameworks */,
				A643444D20C5E07D000B0F8E /* Resources */,
			);
			buildRules = (
			);
			dependencies = (
			);
			name = "Loan-Calculator";
			productName = "Loan-Calculator";
			productReference = A643444F20C5E07D000B0F8E /* Loan-Calculator.app */;
			productType = "com.apple.product-type.application";
		};
/* End PBXNativeTarget section */

/* Begin PBXProject section */
		A643444720C5E07D000B0F8E /* Project object */ = {
			isa = PBXProject;
			attributes = {
				LastSwiftUpdateCheck = 0930;
				LastUpgradeCheck = 0930;
				ORGANIZATIONNAME = "Jamil Jalal";
				TargetAttributes = {
					A643444E20C5E07D000B0F8E = {
						CreatedOnToolsVersion = 9.3.1;
					};
				};
			};
			buildConfigurationList = A643444A20C5E07D000B0F8E /* Build configuration list for PBXProject "Loan-Calculator" */;
			compatibilityVersion = "Xcode 9.3";
			developmentRegion = en;
			hasScannedForEncodings = 0;
			knownRegions = (
				en,
				Base,
			);
			mainGroup = A643444620C5E07D000B0F8E;
			productRefGroup = A643445020C5E07D000B0F8E /* Products */;
			projectDirPath = "";
			projectRoot = "";
			targets = (
				A643444E20C5E07D000B0F8E /* Loan-Calculator */,
			);
		};
/* End PBXProject section */

/* Begin PBXResourcesBuildPhase section */
		A643444D20C5E07D000B0F8E /* Resources */ = {
			isa = PBXResourcesBuildPhase;
			buildActionMask = 2147483647;
			files = (
				A643445D20C5E07F000B0F8E /* LaunchScreen.storyboard in Resources */,
				A643445A20C5E07F000B0F8E /* Assets.xcassets in Resources */,
				A643445820C5E07D000B0F8E /* Main.storyboard in Resources */,
			);
			runOnlyForDeploymentPostprocessing = 0;
		};
/* End PBXResourcesBuildPhase section */

/* Begin PBXSourcesBuildPhase section */
		A643444B20C5E07D000B0F8E /* Sources */ = {
			isa = PBXSourcesBuildPhase;
			buildActionMask = 2147483647;
			files = (
				A643446820C613A8000B0F8E /* customizedButton.swift in Sources */,
				A643446F20C64D52000B0F8E /* File.swift in Sources */,
				A643445520C5E07D000B0F8E /* LoanCalculatorVC.swift in Sources */,
				A643446A20C6165E000B0F8E /* aprField.swift in Sources */,
				A643445320C5E07D000B0F8E /* AppDelegate.swift in Sources */,
				A643446620C5E2CC000B0F8E /* customizedTextField.swift in Sources */,
			);
			runOnlyForDeploymentPostprocessing = 0;
		};
/* End PBXSourcesBuildPhase section */

/* Begin PBXVariantGroup section */
		A643445620C5E07D000B0F8E /* Main.storyboard */ = {
			isa = PBXVariantGroup;
			children = (
				A643445720C5E07D000B0F8E /* Base */,
			);
			name = Main.storyboard;
			sourceTree = "<group>";
		};
		A643445B20C5E07F000B0F8E /* LaunchScreen.storyboard */ = {
			isa = PBXVariantGroup;
			children = (
				A643445C20C5E07F000B0F8E /* Base */,
			);
			name = LaunchScreen.storyboard;
			sourceTree = "<group>";
		};
/* End PBXVariantGroup section */

/* Begin XCBuildConfiguration section */
		A643445F20C5E07F000B0F8E /* Debug */ = {
			isa = XCBuildConfiguration;
			buildSettings = {
				ALWAYS_SEARCH_USER_PATHS = NO;
				CLANG_ANALYZER_NONNULL = YES;
				CLANG_ANALYZER_NUMBER_OBJECT_CONVERSION = YES_AGGRESSIVE;
				CLANG_CXX_LANGUAGE_STANDARD = "gnu++14";
				CLANG_CXX_LIBRARY = "libc++";
				CLANG_ENABLE_MODULES = YES;
				CLANG_ENABLE_OBJC_ARC = YES;
				CLANG_ENABLE_OBJC_WEAK = YES;
				CLANG_WARN_BLOCK_CAPTURE_AUTORELEASING = YES;
				CLANG_WARN_BOOL_CONVERSION = YES;
				CLANG_WARN_COMMA = YES;
				CLANG_WARN_CONSTANT_CONVERSION = YES;
				CLANG_WARN_DEPRECATED_OBJC_IMPLEMENTATIONS = YES;
				CLANG_WARN_DIRECT_OBJC_ISA_USAGE = YES_ERROR;
				CLANG_WARN_DOCUMENTATION_COMMENTS = YES;
				CLANG_WARN_EMPTY_BODY = YES;
				CLANG_WARN_ENUM_CONVERSION = YES;
				CLANG_WARN_INFINITE_RECURSION = YES;
				CLANG_WARN_INT_CONVERSION = YES;
				CLANG_WARN_NON_LITERAL_NULL_CONVERSION = YES;
				CLANG_WARN_OBJC_IMPLICIT_RETAIN_SELF = YES;
				CLANG_WARN_OBJC_LITERAL_CONVERSION = YES;
				CLANG_WARN_OBJC_ROOT_CLASS = YES_ERROR;
				CLANG_WARN_RANGE_LOOP_ANALYSIS = YES;
				CLANG_WARN_STRICT_PROTOTYPES = YES;
				CLANG_WARN_SUSPICIOUS_MOVE = YES;
				CLANG_WARN_UNGUARDED_AVAILABILITY = YES_AGGRESSIVE;
				CLANG_WARN_UNREACHABLE_CODE = YES;
				CLANG_WARN__DUPLICATE_METHOD_MATCH = YES;
				CODE_SIGN_IDENTITY = "iPhone Developer";
				COPY_PHASE_STRIP = NO;
				DEBUG_INFORMATION_FORMAT = dwarf;
				ENABLE_STRICT_OBJC_MSGSEND = YES;
				ENABLE_TESTABILITY = YES;
				GCC_C_LANGUAGE_STANDARD = gnu11;
				GCC_DYNAMIC_NO_PIC = NO;
				GCC_NO_COMMON_BLOCKS = YES;
				GCC_OPTIMIZATION_LEVEL = 0;
				GCC_PREPROCESSOR_DEFINITIONS = (
					"DEBUG=1",
					"$(inherited)",
				);
				GCC_WARN_64_TO_32_BIT_CONVERSION = YES;
				GCC_WARN_ABOUT_RETURN_TYPE = YES_ERROR;
				GCC_WARN_UNDECLARED_SELECTOR = YES;
				GCC_WARN_UNINITIALIZED_AUTOS = YES_AGGRESSIVE;
				GCC_WARN_UNUSED_FUNCTION = YES;
				GCC_WARN_UNUSED_VARIABLE = YES;
				IPHONEOS_DEPLOYMENT_TARGET = 11.3;
				MTL_ENABLE_DEBUG_INFO = YES;
				ONLY_ACTIVE_ARCH = YES;
				SDKROOT = iphoneos;
				SWIFT_ACTIVE_COMPILATION_CONDITIONS = DEBUG;
				SWIFT_OPTIMIZATION_LEVEL = "-Onone";
			};
			name = Debug;
		};
		A643446020C5E07F000B0F8E /* Release */ = {
			isa = XCBuildConfiguration;
			buildSettings = {
				ALWAYS_SEARCH_USER_PATHS = NO;
				CLANG_ANALYZER_NONNULL = YES;
				CLANG_ANALYZER_NUMBER_OBJECT_CONVERSION = YES_AGGRESSIVE;
				CLANG_CXX_LANGUAGE_STANDARD = "gnu++14";
				CLANG_CXX_LIBRARY = "libc++";
				CLANG_ENABLE_MODULES = YES;
				CLANG_ENABLE_OBJC_ARC = YES;
				CLANG_ENABLE_OBJC_WEAK = YES;
				CLANG_WARN_BLOCK_CAPTURE_AUTORELEASING = YES;
				CLANG_WARN_BOOL_CONVERSION = YES;
				CLANG_WARN_COMMA = YES;
				CLANG_WARN_CONSTANT_CONVERSION = YES;
				CLANG_WARN_DEPRECATED_OBJC_IMPLEMENTATIONS = YES;
				CLANG_WARN_DIRECT_OBJC_ISA_USAGE = YES_ERROR;
				CLANG_WARN_DOCUMENTATION_COMMENTS = YES;
				CLANG_WARN_EMPTY_BODY = YES;
				CLANG_WARN_ENUM_CONVERSION = YES;
				CLANG_WARN_INFINITE_RECURSION = YES;
				CLANG_WARN_INT_CONVERSION = YES;
				CLANG_WARN_NON_LITERAL_NULL_CONVERSION = YES;
				CLANG_WARN_OBJC_IMPLICIT_RETAIN_SELF = YES;
				CLANG_WARN_OBJC_LITERAL_CONVERSION = YES;
				CLANG_WARN_OBJC_ROOT_CLASS = YES_ERROR;
				CLANG_WARN_RANGE_LOOP_ANALYSIS = YES;
				CLANG_WARN_STRICT_PROTOTYPES = YES;
				CLANG_WARN_SUSPICIOUS_MOVE = YES;
				CLANG_WARN_UNGUARDED_AVAILABILITY = YES_AGGRESSIVE;
				CLANG_WARN_UNREACHABLE_CODE = YES;
				CLANG_WARN__DUPLICATE_METHOD_MATCH = YES;
				CODE_SIGN_IDENTITY = "iPhone Developer";
				COPY_PHASE_STRIP = NO;
				DEBUG_INFORMATION_FORMAT = "dwarf-with-dsym";
				ENABLE_NS_ASSERTIONS = NO;
				ENABLE_STRICT_OBJC_MSGSEND = YES;
				GCC_C_LANGUAGE_STANDARD = gnu11;
				GCC_NO_COMMON_BLOCKS = YES;
				GCC_WARN_64_TO_32_BIT_CONVERSION = YES;
				GCC_WARN_ABOUT_RETURN_TYPE = YES_ERROR;
				GCC_WARN_UNDECLARED_SELECTOR = YES;
				GCC_WARN_UNINITIALIZED_AUTOS = YES_AGGRESSIVE;
				GCC_WARN_UNUSED_FUNCTION = YES;
				GCC_WARN_UNUSED_VARIABLE = YES;
				IPHONEOS_DEPLOYMENT_TARGET = 11.3;
				MTL_ENABLE_DEBUG_INFO = NO;
				SDKROOT = iphoneos;
				SWIFT_COMPILATION_MODE = wholemodule;
				SWIFT_OPTIMIZATION_LEVEL = "-O";
				VALIDATE_PRODUCT = YES;
			};
			name = Release;
		};
		A643446220C5E07F000B0F8E /* Debug */ = {
			isa = XCBuildConfiguration;
			buildSettings = {
				ASSETCATALOG_COMPILER_APPICON_NAME = AppIcon;
				CODE_SIGN_STYLE = Automatic;
				DEVELOPMENT_TEAM = LW3486MABY;
				INFOPLIST_FILE = "Loan-Calculator/Info.plist";
				LD_RUNPATH_SEARCH_PATHS = (
					"$(inherited)",
					"@executable_path/Frameworks",
				);
				PRODUCT_BUNDLE_IDENTIFIER = "jamiljalal.Loan-Calculator";
				PRODUCT_NAME = "$(TARGET_NAME)";
				SWIFT_VERSION = 4.0;
				TARGETED_DEVICE_FAMILY = "1,2";
			};
			name = Debug;
		};
		A643446320C5E07F000B0F8E /* Release */ = {
			isa = XCBuildConfiguration;
			buildSettings = {
				ASSETCATALOG_COMPILER_APPICON_NAME = AppIcon;
				CODE_SIGN_STYLE = Automatic;
				DEVELOPMENT_TEAM = LW3486MABY;
				INFOPLIST_FILE = "Loan-Calculator/Info.plist";
				LD_RUNPATH_SEARCH_PATHS = (
					"$(inherited)",
					"@executable_path/Frameworks",
				);
				PRODUCT_BUNDLE_IDENTIFIER = "jamiljalal.Loan-Calculator";
				PRODUCT_NAME = "$(TARGET_NAME)";
				SWIFT_VERSION = 4.0;
				TARGETED_DEVICE_FAMILY = "1,2";
			};
			name = Release;
		};
/* End XCBuildConfiguration section */

/* Begin XCConfigurationList section */
		A643444A20C5E07D000B0F8E /* Build configuration list for PBXProject "Loan-Calculator" */ = {
			isa = XCConfigurationList;
			buildConfigurations = (
				A643445F20C5E07F000B0F8E /* Debug */,
				A643446020C5E07F000B0F8E /* Release */,
			);
			defaultConfigurationIsVisible = 0;
			defaultConfigurationName = Release;
		};
		A643446120C5E07F000B0F8E /* Build configuration list for PBXNativeTarget "Loan-Calculator" */ = {
			isa = XCConfigurationList;
			buildConfigurations = (
				A643446220C5E07F000B0F8E /* Debug */,
				A643446320C5E07F000B0F8E /* Release */,
			);
			defaultConfigurationIsVisible = 0;
			defaultConfigurationName = Release;
		};
/* End XCConfigurationList section */
	};
	rootObject = A643444720C5E07D000B0F8E /* Project object */;
}
